{
  "name": "module-planes",
  "version": "1.0.0",
  "lockfileVersion": 3,
  "requires": true,
  "packages": {
    "": {
      "name": "module-planes",
      "version": "1.0.0",
      "license": "ISC",
      "dependencies": {
        "@eficientis-test/template-module-sdk": "^1.0.3"
      }
    },
    "node_modules/@eficientis-test/template-module-sdk": {
      "version": "1.0.3",
      "resolved": "https://npm.pkg.github.com/download/@eficientis-test/template-module-sdk/1.0.3/0073023641c109a2d800827a64b0f299e8d5a4c0",
      "integrity": "sha512-VkHxbbsGkdJH5n3z+4mRimZGPUnsrGhH+V8e3cONoQdhrb43rd74+PPZssFgcYav+vTRFiFZFCxs/p9Funa+Eg==",
      "bin": {
        "generate-plugin": "lib/index.js"
      }
    }
  }
}
