{
  "name": "module-planes",
  "version": "1.0.0",
  "lockfileVersion": 3,
  "requires": true,
  "packages": {
    "": {
      "name": "module-planes",
      "version": "1.0.0",
      "license": "ISC",
      "devDependencies": {
        "@eficientis-test/template-module-sdk": "^1.0.0"
      }
    },
    "node_modules/@eficientis-test/template-module-sdk": {
      "version": "1.0.0",
      "resolved": "https://npm.pkg.github.com/download/@eficientis-test/template-module-sdk/1.0.0/dde5daae5dd0e8bbeab24fa4a774b7558b76cadb",
      "integrity": "sha512-s2S+j4Kj5vOOnDLE6nAYi/+si7CmmePpg9Strj9nR55CnzZJ4/RJS9hmqNq+w0kdibitmZfjWYWygetIc7C8cg==",
      "dev": true,
      "bin": {
        "create-plugin": "lib/create-plugin.js",
        "setup-sdk": "lib/setup-sdk.js"
      }
    }
  }
}
