{
  "name": "module-planes",
  "version": "1.0.0",
  "lockfileVersion": 3,
  "requires": true,
  "packages": {
    "": {
      "name": "module-planes",
      "version": "1.0.0",
      "license": "ISC",
      "devDependencies": {
        "@eficientis-test/template-module-sdk": "^1.0.0"
      }
    },
    "node_modules/@eficientis-test/template-module-sdk": {
      "version": "1.0.0",
      "resolved": "https://npm.pkg.github.com/download/@eficientis-test/template-module-sdk/1.0.0/b9565c4106bb31a7717a4d7311722b69732a6e35",
      "integrity": "sha512-nz/tgH8sDzKlQ4ZM2CGw0ac5emM+NeFh0twhjiVnlaFq6xqyg/PdGFI8j6u6DYbQqWVG7sikepEfM3teKFrHFg==",
      "dev": true,
      "bin": {
        "generate-plugin": "lib/index.js"
      }
    }
  }
}
